// !$*UTF8*$!
{
	archiveVersion = 1;
	classes = {
	};
	objectVersion = 56;
	objects = {

/* Begin PBXBuildFile section */
		24E8777B29410C7000E68477 /* AppDelegate.swift in Sources */ = {isa = PBXBuildFile; fileRef = 24E8777A29410C7000E68477 /* AppDelegate.swift */; };
		24E8777D29410C7000E68477 /* SceneDelegate.swift in Sources */ = {isa = PBXBuildFile; fileRef = 24E8777C29410C7000E68477 /* SceneDelegate.swift */; };
		24E8777F29410C7000E68477 /* ViewController.swift in Sources */ = {isa = PBXBuildFile; fileRef = 24E8777E29410C7000E68477 /* ViewController.swift */; };
		24E8778229410C7000E68477 /* Main.storyboard in Resources */ = {isa = PBXBuildFile; fileRef = 24E8778029410C7000E68477 /* Main.storyboard */; };
		24E8778429410C7100E68477 /* Assets.xcassets in Resources */ = {isa = PBXBuildFile; fileRef = 24E8778329410C7100E68477 /* Assets.xcassets */; };
		24E8778729410C7100E68477 /* LaunchScreen.storyboard in Resources */ = {isa = PBXBuildFile; fileRef = 24E8778529410C7100E68477 /* LaunchScreen.storyboard */; };
		24E8779229410C7100E68477 /* Two_ButtonsTests.swift in Sources */ = {isa = PBXBuildFile; fileRef = 24E8779129410C7100E68477 /* Two_ButtonsTests.swift */; };
		24E8779C29410C7100E68477 /* Two_ButtonsUITests.swift in Sources */ = {isa = PBXBuildFile; fileRef = 24E8779B29410C7100E68477 /* Two_ButtonsUITests.swift */; };
		24E8779E29410C7100E68477 /* Two_ButtonsUITestsLaunchTests.swift in Sources */ = {isa = PBXBuildFile; fileRef = 24E8779D29410C7100E68477 /* Two_ButtonsUITestsLaunchTests.swift */; };
/* End PBXBuildFile section */

/* Begin PBXContainerItemProxy section */
		24E8778E29410C7100E68477 /* PBXContainerItemProxy */ = {
			isa = PBXContainerItemProxy;
			containerPortal = 24E8776F29410C7000E68477 /* Project object */;
			proxyType = 1;
			remoteGlobalIDString = 24E8777629410C7000E68477;
			remoteInfo = "Two Buttons";
		};
		24E8779829410C7100E68477 /* PBXContainerItemProxy */ = {
			isa = PBXContainerItemProxy;
			containerPortal = 24E8776F29410C7000E68477 /* Project object */;
			proxyType = 1;
			remoteGlobalIDString = 24E8777629410C7000E68477;
			remoteInfo = "Two Buttons";
		};
/* End PBXContainerItemProxy section */

/* Begin PBXFileReference section */
		24E8777729410C7000E68477 /* Two Buttons.app */ = {isa = PBXFileReference; explicitFileType = wrapper.application; includeInIndex = 0; path = "Two Buttons.app"; sourceTree = BUILT_PRODUCTS_DIR; };
		24E8777A29410C7000E68477 /* AppDelegate.swift */ = {isa = PBXFileReference; lastKnownFileType = sourcecode.swift; path = AppDelegate.swift; sourceTree = "<group>"; };
		24E8777C29410C7000E68477 /* SceneDelegate.swift */ = {isa = PBXFileReference; lastKnownFileType = sourcecode.swift; path = SceneDelegate.swift; sourceTree = "<group>"; };
		24E8777E29410C7000E68477 /* ViewController.swift */ = {isa = PBXFileReference; lastKnownFileType = sourcecode.swift; path = ViewController.swift; sourceTree = "<group>"; };
		24E8778129410C7000E68477 /* Base */ = {isa = PBXFileReference; lastKnownFileType = file.storyboard; name = Base; path = Base.lproj/Main.storyboard; sourceTree = "<group>"; };
		24E8778329410C7100E68477 /* Assets.xcassets */ = {isa = PBXFileReference; lastKnownFileType = folder.assetcatalog; path = Assets.xcassets; sourceTree = "<group>"; };
		24E8778629410C7100E68477 /* Base */ = {isa = PBXFileReference; lastKnownFileType = file.storyboard; name = Base; path = Base.lproj/LaunchScreen.storyboard; sourceTree = "<group>"; };
		24E8778829410C7100E68477 /* Info.plist */ = {isa = PBXFileReference; lastKnownFileType = text.plist.xml; path = Info.plist; sourceTree = "<group>"; };
		24E8778D29410C7100E68477 /* Two ButtonsTests.xctest */ = {isa = PBXFileReference; explicitFileType = wrapper.cfbundle; includeInIndex = 0; path = "Two ButtonsTests.xctest"; sourceTree = BUILT_PRODUCTS_DIR; };
		24E8779129410C7100E68477 /* Two_ButtonsTests.swift */ = {isa = PBXFileReference; lastKnownFileType = sourcecode.swift; path = Two_ButtonsTests.swift; sourceTree = "<group>"; };
		24E8779729410C7100E68477 /* Two ButtonsUITests.xctest */ = {isa = PBXFileReference; explicitFileType = wrapper.cfbundle; includeInIndex = 0; path = "Two ButtonsUITests.xctest"; sourceTree = BUILT_PRODUCTS_DIR; };
		24E8779B29410C7100E68477 /* Two_ButtonsUITests.swift */ = {isa = PBXFileReference; lastKnownFileType = sourcecode.swift; path = Two_ButtonsUITests.swift; sourceTree = "<group>"; };
		24E8779D29410C7100E68477 /* Two_ButtonsUITestsLaunchTests.swift */ = {isa = PBXFileReference; lastKnownFileType = sourcecode.swift; path = Two_ButtonsUITestsLaunchTests.swift; sourceTree = "<group>"; };
/* End PBXFileReference section */

/* Begin PBXFrameworksBuildPhase section */
		24E8777429410C7000E68477 /* Frameworks */ = {
			isa = PBXFrameworksBuildPhase;
			buildActionMask = 2147483647;
			files = (
			);
			runOnlyForDeploymentPostprocessing = 0;
		};
		24E8778A29410C7100E68477 /* Frameworks */ = {
			isa = PBXFrameworksBuildPhase;
			buildActionMask = 2147483647;
			files = (
			);
			runOnlyForDeploymentPostprocessing = 0;
		};
		24E8779429410C7100E68477 /* Frameworks */ = {
			isa = PBXFrameworksBuildPhase;
			buildActionMask = 2147483647;
			files = (
			);
			runOnlyForDeploymentPostprocessing = 0;
		};
/* End PBXFrameworksBuildPhase section */

/* Begin PBXGroup section */
		24E8776E29410C7000E68477 = {
			isa = PBXGroup;
			children = (
				24E8777929410C7000E68477 /* Two Buttons */,
				24E8779029410C7100E68477 /* Two ButtonsTests */,
				24E8779A29410C7100E68477 /* Two ButtonsUITests */,
				24E8777829410C7000E68477 /* Products */,
			);
			sourceTree = "<group>";
		};
		24E8777829410C7000E68477 /* Products */ = {
			isa = PBXGroup;
			children = (
				24E8777729410C7000E68477 /* Two Buttons.app */,
				24E8778D29410C7100E68477 /* Two ButtonsTests.xctest */,
				24E8779729410C7100E68477 /* Two ButtonsUITests.xctest */,
			);
			name = Products;
			sourceTree = "<group>";
		};
		24E8777929410C7000E68477 /* Two Buttons */ = {
			isa = PBXGroup;
			children = (
				24E8777A29410C7000E68477 /* AppDelegate.swift */,
				24E8777C29410C7000E68477 /* SceneDelegate.swift */,
				24E8777E29410C7000E68477 /* ViewController.swift */,
				24E8778029410C7000E68477 /* Main.storyboard */,
				24E8778329410C7100E68477 /* Assets.xcassets */,
				24E8778529410C7100E68477 /* LaunchScreen.storyboard */,
				24E8778829410C7100E68477 /* Info.plist */,
			);
			path = "Two Buttons";
			sourceTree = "<group>";
		};
		24E8779029410C7100E68477 /* Two ButtonsTests */ = {
			isa = PBXGroup;
			children = (
				24E8779129410C7100E68477 /* Two_ButtonsTests.swift */,
			);
			path = "Two ButtonsTests";
			sourceTree = "<group>";
		};
		24E8779A29410C7100E68477 /* Two ButtonsUITests */ = {
			isa = PBXGroup;
			children = (
				24E8779B29410C7100E68477 /* Two_ButtonsUITests.swift */,
				24E8779D29410C7100E68477 /* Two_ButtonsUITestsLaunchTests.swift */,
			);
			path = "Two ButtonsUITests";
			sourceTree = "<group>";
		};
/* End PBXGroup section */

/* Begin PBXNativeTarget section */
		24E8777629410C7000E68477 /* Two Buttons */ = {
			isa = PBXNativeTarget;
			buildConfigurationList = 24E877A129410C7100E68477 /* Build configuration list for PBXNativeTarget "Two Buttons" */;
			buildPhases = (
				24E8777329410C7000E68477 /* Sources */,
				24E8777429410C7000E68477 /* Frameworks */,
				24E8777529410C7000E68477 /* Resources */,
			);
			buildRules = (
			);
			dependencies = (
			);
			name = "Two Buttons";
			productName = "Two Buttons";
			productReference = 24E8777729410C7000E68477 /* Two Buttons.app */;
			productType = "com.apple.product-type.application";
		};
		24E8778C29410C7100E68477 /* Two ButtonsTests */ = {
			isa = PBXNativeTarget;
			buildConfigurationList = 24E877A429410C7100E68477 /* Build configuration list for PBXNativeTarget "Two ButtonsTests" */;
			buildPhases = (
				24E8778929410C7100E68477 /* Sources */,
				24E8778A29410C7100E68477 /* Frameworks */,
				24E8778B29410C7100E68477 /* Resources */,
			);
			buildRules = (
			);
			dependencies = (
				24E8778F29410C7100E68477 /* PBXTargetDependency */,
			);
			name = "Two ButtonsTests";
			productName = "Two ButtonsTests";
			productReference = 24E8778D29410C7100E68477 /* Two ButtonsTests.xctest */;
			productType = "com.apple.product-type.bundle.unit-test";
		};
		24E8779629410C7100E68477 /* Two ButtonsUITests */ = {
			isa = PBXNativeTarget;
			buildConfigurationList = 24E877A729410C7100E68477 /* Build configuration list for PBXNativeTarget "Two ButtonsUITests" */;
			buildPhases = (
				24E8779329410C7100E68477 /* Sources */,
				24E8779429410C7100E68477 /* Frameworks */,
				24E8779529410C7100E68477 /* Resources */,
			);
			buildRules = (
			);
			dependencies = (
				24E8779929410C7100E68477 /* PBXTargetDependency */,
			);
			name = "Two ButtonsUITests";
			productName = "Two ButtonsUITests";
			productReference = 24E8779729410C7100E68477 /* Two ButtonsUITests.xctest */;
			productType = "com.apple.product-type.bundle.ui-testing";
		};
/* End PBXNativeTarget section */

/* Begin PBXProject section */
		24E8776F29410C7000E68477 /* Project object */ = {
			isa = PBXProject;
			attributes = {
				BuildIndependentTargetsInParallel = 1;
				LastSwiftUpdateCheck = 1400;
				LastUpgradeCheck = 1400;
				TargetAttributes = {
					24E8777629410C7000E68477 = {
						CreatedOnToolsVersion = 14.0.1;
					};
					24E8778C29410C7100E68477 = {
						CreatedOnToolsVersion = 14.0.1;
						TestTargetID = 24E8777629410C7000E68477;
					};
					24E8779629410C7100E68477 = {
						CreatedOnToolsVersion = 14.0.1;
						TestTargetID = 24E8777629410C7000E68477;
					};
				};
			};
			buildConfigurationList = 24E8777229410C7000E68477 /* Build configuration list for PBXProject "Two Buttons" */;
			compatibilityVersion = "Xcode 14.0";
			developmentRegion = en;
			hasScannedForEncodings = 0;
			knownRegions = (
				en,
				Base,
			);
			mainGroup = 24E8776E29410C7000E68477;
			productRefGroup = 24E8777829410C7000E68477 /* Products */;
			projectDirPath = "";
			projectRoot = "";
			targets = (
				24E8777629410C7000E68477 /* Two Buttons */,
				24E8778C29410C7100E68477 /* Two ButtonsTests */,
				24E8779629410C7100E68477 /* Two ButtonsUITests */,
			);
		};
/* End PBXProject section */

/* Begin PBXResourcesBuildPhase section */
		24E8777529410C7000E68477 /* Resources */ = {
			isa = PBXResourcesBuildPhase;
			buildActionMask = 2147483647;
			files = (
				24E8778729410C7100E68477 /* LaunchScreen.storyboard in Resources */,
				24E8778429410C7100E68477 /* Assets.xcassets in Resources */,
				24E8778229410C7000E68477 /* Main.storyboard in Resources */,
			);
			runOnlyForDeploymentPostprocessing = 0;
		};
		24E8778B29410C7100E68477 /* Resources */ = {
			isa = PBXResourcesBuildPhase;
			buildActionMask = 2147483647;
			files = (
			);
			runOnlyForDeploymentPostprocessing = 0;
		};
		24E8779529410C7100E68477 /* Resources */ = {
			isa = PBXResourcesBuildPhase;
			buildActionMask = 2147483647;
			files = (
			);
			runOnlyForDeploymentPostprocessing = 0;
		};
/* End PBXResourcesBuildPhase section */

/* Begin PBXSourcesBuildPhase section */
		24E8777329410C7000E68477 /* Sources */ = {
			isa = PBXSourcesBuildPhase;
			buildActionMask = 2147483647;
			files = (
				24E8777F29410C7000E68477 /* ViewController.swift in Sources */,
				24E8777B29410C7000E68477 /* AppDelegate.swift in Sources */,
				24E8777D29410C7000E68477 /* SceneDelegate.swift in Sources */,
			);
			runOnlyForDeploymentPostprocessing = 0;
		};
		24E8778929410C7100E68477 /* Sources */ = {
			isa = PBXSourcesBuildPhase;
			buildActionMask = 2147483647;
			files = (
				24E8779229410C7100E68477 /* Two_ButtonsTests.swift in Sources */,
			);
			runOnlyForDeploymentPostprocessing = 0;
		};
		24E8779329410C7100E68477 /* Sources */ = {
			isa = PBXSourcesBuildPhase;
			buildActionMask = 2147483647;
			files = (
				24E8779C29410C7100E68477 /* Two_ButtonsUITests.swift in Sources */,
				24E8779E29410C7100E68477 /* Two_ButtonsUITestsLaunchTests.swift in Sources */,
			);
			runOnlyForDeploymentPostprocessing = 0;
		};
/* End PBXSourcesBuildPhase section */

/* Begin PBXTargetDependency section */
		24E8778F29410C7100E68477 /* PBXTargetDependency */ = {
			isa = PBXTargetDependency;
			target = 24E8777629410C7000E68477 /* Two Buttons */;
			targetProxy = 24E8778E29410C7100E68477 /* PBXContainerItemProxy */;
		};
		24E8779929410C7100E68477 /* PBXTargetDependency */ = {
			isa = PBXTargetDependency;
			target = 24E8777629410C7000E68477 /* Two Buttons */;
			targetProxy = 24E8779829410C7100E68477 /* PBXContainerItemProxy */;
		};
/* End PBXTargetDependency section */

/* Begin PBXVariantGroup section */
		24E8778029410C7000E68477 /* Main.storyboard */ = {
			isa = PBXVariantGroup;
			children = (
				24E8778129410C7000E68477 /* Base */,
			);
			name = Main.storyboard;
			sourceTree = "<group>";
		};
		24E8778529410C7100E68477 /* LaunchScreen.storyboard */ = {
			isa = PBXVariantGroup;
			children = (
				24E8778629410C7100E68477 /* Base */,
			);
			name = LaunchScreen.storyboard;
			sourceTree = "<group>";
		};
/* End PBXVariantGroup section */

/* Begin XCBuildConfiguration section */
		24E8779F29410C7100E68477 /* Debug */ = {
			isa = XCBuildConfiguration;
			buildSettings = {
				ALWAYS_SEARCH_USER_PATHS = NO;
				CLANG_ANALYZER_NONNULL = YES;
				CLANG_ANALYZER_NUMBER_OBJECT_CONVERSION = YES_AGGRESSIVE;
				CLANG_CXX_LANGUAGE_STANDARD = "gnu++20";
				CLANG_ENABLE_MODULES = YES;
				CLANG_ENABLE_OBJC_ARC = YES;
				CLANG_ENABLE_OBJC_WEAK = YES;
				CLANG_WARN_BLOCK_CAPTURE_AUTORELEASING = YES;
				CLANG_WARN_BOOL_CONVERSION = YES;
				CLANG_WARN_COMMA = YES;
				CLANG_WARN_CONSTANT_CONVERSION = YES;
				CLANG_WARN_DEPRECATED_OBJC_IMPLEMENTATIONS = YES;
				CLANG_WARN_DIRECT_OBJC_ISA_USAGE = YES_ERROR;
				CLANG_WARN_DOCUMENTATION_COMMENTS = YES;
				CLANG_WARN_EMPTY_BODY = YES;
				CLANG_WARN_ENUM_CONVERSION = YES;
				CLANG_WARN_INFINITE_RECURSION = YES;
				CLANG_WARN_INT_CONVERSION = YES;
				CLANG_WARN_NON_LITERAL_NULL_CONVERSION = YES;
				CLANG_WARN_OBJC_IMPLICIT_RETAIN_SELF = YES;
				CLANG_WARN_OBJC_LITERAL_CONVERSION = YES;
				CLANG_WARN_OBJC_ROOT_CLASS = YES_ERROR;
				CLANG_WARN_QUOTED_INCLUDE_IN_FRAMEWORK_HEADER = YES;
				CLANG_WARN_RANGE_LOOP_ANALYSIS = YES;
				CLANG_WARN_STRICT_PROTOTYPES = YES;
				CLANG_WARN_SUSPICIOUS_MOVE = YES;
				CLANG_WARN_UNGUARDED_AVAILABILITY = YES_AGGRESSIVE;
				CLANG_WARN_UNREACHABLE_CODE = YES;
				CLANG_WARN__DUPLICATE_METHOD_MATCH = YES;
				COPY_PHASE_STRIP = NO;
				DEBUG_INFORMATION_FORMAT = dwarf;
				ENABLE_STRICT_OBJC_MSGSEND = YES;
				ENABLE_TESTABILITY = YES;
				GCC_C_LANGUAGE_STANDARD = gnu11;
				GCC_DYNAMIC_NO_PIC = NO;
				GCC_NO_COMMON_BLOCKS = YES;
				GCC_OPTIMIZATION_LEVEL = 0;
				GCC_PREPROCESSOR_DEFINITIONS = (
					"DEBUG=1",
					"$(inherited)",
				);
				GCC_WARN_64_TO_32_BIT_CONVERSION = YES;
				GCC_WARN_ABOUT_RETURN_TYPE = YES_ERROR;
				GCC_WARN_UNDECLARED_SELECTOR = YES;
				GCC_WARN_UNINITIALIZED_AUTOS = YES_AGGRESSIVE;
				GCC_WARN_UNUSED_FUNCTION = YES;
				GCC_WARN_UNUSED_VARIABLE = YES;
				IPHONEOS_DEPLOYMENT_TARGET = 16.0;
				MTL_ENABLE_DEBUG_INFO = INCLUDE_SOURCE;
				MTL_FAST_MATH = YES;
				ONLY_ACTIVE_ARCH = YES;
				SDKROOT = iphoneos;
				SWIFT_ACTIVE_COMPILATION_CONDITIONS = DEBUG;
				SWIFT_OPTIMIZATION_LEVEL = "-Onone";
			};
			name = Debug;
		};
		24E877A029410C7100E68477 /* Release */ = {
			isa = XCBuildConfiguration;
			buildSettings = {
				ALWAYS_SEARCH_USER_PATHS = NO;
				CLANG_ANALYZER_NONNULL = YES;
				CLANG_ANALYZER_NUMBER_OBJECT_CONVERSION = YES_AGGRESSIVE;
				CLANG_CXX_LANGUAGE_STANDARD = "gnu++20";
				CLANG_ENABLE_MODULES = YES;
				CLANG_ENABLE_OBJC_ARC = YES;
				CLANG_ENABLE_OBJC_WEAK = YES;
				CLANG_WARN_BLOCK_CAPTURE_AUTORELEASING = YES;
				CLANG_WARN_BOOL_CONVERSION = YES;
				CLANG_WARN_COMMA = YES;
				CLANG_WARN_CONSTANT_CONVERSION = YES;
				CLANG_WARN_DEPRECATED_OBJC_IMPLEMENTATIONS = YES;
				CLANG_WARN_DIRECT_OBJC_ISA_USAGE = YES_ERROR;
				CLANG_WARN_DOCUMENTATION_COMMENTS = YES;
				CLANG_WARN_EMPTY_BODY = YES;
				CLANG_WARN_ENUM_CONVERSION = YES;
				CLANG_WARN_INFINITE_RECURSION = YES;
				CLANG_WARN_INT_CONVERSION = YES;
				CLANG_WARN_NON_LITERAL_NULL_CONVERSION = YES;
				CLANG_WARN_OBJC_IMPLICIT_RETAIN_SELF = YES;
				CLANG_WARN_OBJC_LITERAL_CONVERSION = YES;
				CLANG_WARN_OBJC_ROOT_CLASS = YES_ERROR;
				CLANG_WARN_QUOTED_INCLUDE_IN_FRAMEWORK_HEADER = YES;
				CLANG_WARN_RANGE_LOOP_ANALYSIS = YES;
				CLANG_WARN_STRICT_PROTOTYPES = YES;
				CLANG_WARN_SUSPICIOUS_MOVE = YES;
				CLANG_WARN_UNGUARDED_AVAILABILITY = YES_AGGRESSIVE;
				CLANG_WARN_UNREACHABLE_CODE = YES;
				CLANG_WARN__DUPLICATE_METHOD_MATCH = YES;
				COPY_PHASE_STRIP = NO;
				DEBUG_INFORMATION_FORMAT = "dwarf-with-dsym";
				ENABLE_NS_ASSERTIONS = NO;
				ENABLE_STRICT_OBJC_MSGSEND = YES;
				GCC_C_LANGUAGE_STANDARD = gnu11;
				GCC_NO_COMMON_BLOCKS = YES;
				GCC_WARN_64_TO_32_BIT_CONVERSION = YES;
				GCC_WARN_ABOUT_RETURN_TYPE = YES_ERROR;
				GCC_WARN_UNDECLARED_SELECTOR = YES;
				GCC_WARN_UNINITIALIZED_AUTOS = YES_AGGRESSIVE;
				GCC_WARN_UNUSED_FUNCTION = YES;
				GCC_WARN_UNUSED_VARIABLE = YES;
				IPHONEOS_DEPLOYMENT_TARGET = 16.0;
				MTL_ENABLE_DEBUG_INFO = NO;
				MTL_FAST_MATH = YES;
				SDKROOT = iphoneos;
				SWIFT_COMPILATION_MODE = wholemodule;
				SWIFT_OPTIMIZATION_LEVEL = "-O";
				VALIDATE_PRODUCT = YES;
			};
			name = Release;
		};
		24E877A229410C7100E68477 /* Debug */ = {
			isa = XCBuildConfiguration;
			buildSettings = {
				ASSETCATALOG_COMPILER_APPICON_NAME = AppIcon;
				ASSETCATALOG_COMPILER_GLOBAL_ACCENT_COLOR_NAME = AccentColor;
				CODE_SIGN_STYLE = Automatic;
				CURRENT_PROJECT_VERSION = 1;
				DEVELOPMENT_TEAM = 8JYJ7375XZ;
				GENERATE_INFOPLIST_FILE = YES;
				INFOPLIST_FILE = "Two Buttons/Info.plist";
				INFOPLIST_KEY_UIApplicationSupportsIndirectInputEvents = YES;
				INFOPLIST_KEY_UILaunchStoryboardName = LaunchScreen;
				INFOPLIST_KEY_UIMainStoryboardFile = Main;
				INFOPLIST_KEY_UISupportedInterfaceOrientations_iPad = "UIInterfaceOrientationPortrait UIInterfaceOrientationPortraitUpsideDown UIInterfaceOrientationLandscapeLeft UIInterfaceOrientationLandscapeRight";
				INFOPLIST_KEY_UISupportedInterfaceOrientations_iPhone = "UIInterfaceOrientationPortrait UIInterfaceOrientationLandscapeLeft UIInterfaceOrientationLandscapeRight";
				LD_RUNPATH_SEARCH_PATHS = (
					"$(inherited)",
					"@executable_path/Frameworks",
				);
				MARKETING_VERSION = 1.0;
				PRODUCT_BUNDLE_IDENTIFIER = "PittCC.Two-Buttons";
				PRODUCT_NAME = "$(TARGET_NAME)";
				SWIFT_EMIT_LOC_STRINGS = YES;
				SWIFT_VERSION = 5.0;
				TARGETED_DEVICE_FAMILY = "1,2";
			};
			name = Debug;
		};
		24E877A329410C7100E68477 /* Release */ = {
			isa = XCBuildConfiguration;
			buildSettings = {
				ASSETCATALOG_COMPILER_APPICON_NAME = AppIcon;
				ASSETCATALOG_COMPILER_GLOBAL_ACCENT_COLOR_NAME = AccentColor;
				CODE_SIGN_STYLE = Automatic;
				CURRENT_PROJECT_VERSION = 1;
				DEVELOPMENT_TEAM = 8JYJ7375XZ;
				GENERATE_INFOPLIST_FILE = YES;
				INFOPLIST_FILE = "Two Buttons/Info.plist";
				INFOPLIST_KEY_UIApplicationSupportsIndirectInputEvents = YES;
				INFOPLIST_KEY_UILaunchStoryboardName = LaunchScreen;
				INFOPLIST_KEY_UIMainStoryboardFile = Main;
				INFOPLIST_KEY_UISupportedInterfaceOrientations_iPad = "UIInterfaceOrientationPortrait UIInterfaceOrientationPortraitUpsideDown UIInterfaceOrientationLandscapeLeft UIInterfaceOrientationLandscapeRight";
				INFOPLIST_KEY_UISupportedInterfaceOrientations_iPhone = "UIInterfaceOrientationPortrait UIInterfaceOrientationLandscapeLeft UIInterfaceOrientationLandscapeRight";
				LD_RUNPATH_SEARCH_PATHS = (
					"$(inherited)",
					"@executable_path/Frameworks",
				);
				MARKETING_VERSION = 1.0;
				PRODUCT_BUNDLE_IDENTIFIER = "PittCC.Two-Buttons";
				PRODUCT_NAME = "$(TARGET_NAME)";
				SWIFT_EMIT_LOC_STRINGS = YES;
				SWIFT_VERSION = 5.0;
				TARGETED_DEVICE_FAMILY = "1,2";
			};
			name = Release;
		};
		24E877A529410C7100E68477 /* Debug */ = {
			isa = XCBuildConfiguration;
			buildSettings = {
				ALWAYS_EMBED_SWIFT_STANDARD_LIBRARIES = YES;
				BUNDLE_LOADER = "$(TEST_HOST)";
				CODE_SIGN_STYLE = Automatic;
				CURRENT_PROJECT_VERSION = 1;
				DEVELOPMENT_TEAM = 8JYJ7375XZ;
				GENERATE_INFOPLIST_FILE = YES;
				IPHONEOS_DEPLOYMENT_TARGET = 16.0;
				MARKETING_VERSION = 1.0;
				PRODUCT_BUNDLE_IDENTIFIER = "PittCC.Two-ButtonsTests";
				PRODUCT_NAME = "$(TARGET_NAME)";
				SWIFT_EMIT_LOC_STRINGS = NO;
				SWIFT_VERSION = 5.0;
				TARGETED_DEVICE_FAMILY = "1,2";
				TEST_HOST = "$(BUILT_PRODUCTS_DIR)/Two Buttons.app/$(BUNDLE_EXECUTABLE_FOLDER_PATH)/Two Buttons";
			};
			name = Debug;
		};
		24E877A629410C7100E68477 /* Release */ = {
			isa = XCBuildConfiguration;
			buildSettings = {
				ALWAYS_EMBED_SWIFT_STANDARD_LIBRARIES = YES;
				BUNDLE_LOADER = "$(TEST_HOST)";
				CODE_SIGN_STYLE = Automatic;
				CURRENT_PROJECT_VERSION = 1;
				DEVELOPMENT_TEAM = 8JYJ7375XZ;
				GENERATE_INFOPLIST_FILE = YES;
				IPHONEOS_DEPLOYMENT_TARGET = 16.0;
				MARKETING_VERSION = 1.0;
				PRODUCT_BUNDLE_IDENTIFIER = "PittCC.Two-ButtonsTests";
				PRODUCT_NAME = "$(TARGET_NAME)";
				SWIFT_EMIT_LOC_STRINGS = NO;
				SWIFT_VERSION = 5.0;
				TARGETED_DEVICE_FAMILY = "1,2";
				TEST_HOST = "$(BUILT_PRODUCTS_DIR)/Two Buttons.app/$(BUNDLE_EXECUTABLE_FOLDER_PATH)/Two Buttons";
			};
			name = Release;
		};
		24E877A829410C7100E68477 /* Debug */ = {
			isa = XCBuildConfiguration;
			buildSettings = {
				ALWAYS_EMBED_SWIFT_STANDARD_LIBRARIES = YES;
				CODE_SIGN_STYLE = Automatic;
				CURRENT_PROJECT_VERSION = 1;
				DEVELOPMENT_TEAM = 8JYJ7375XZ;
				GENERATE_INFOPLIST_FILE = YES;
				MARKETING_VERSION = 1.0;
				PRODUCT_BUNDLE_IDENTIFIER = "PittCC.Two-ButtonsUITests";
				PRODUCT_NAME = "$(TARGET_NAME)";
				SWIFT_EMIT_LOC_STRINGS = NO;
				SWIFT_VERSION = 5.0;
				TARGETED_DEVICE_FAMILY = "1,2";
				TEST_TARGET_NAME = "Two Buttons";
			};
			name = Debug;
		};
		24E877A929410C7100E68477 /* Release */ = {
			isa = XCBuildConfiguration;
			buildSettings = {
				ALWAYS_EMBED_SWIFT_STANDARD_LIBRARIES = YES;
				CODE_SIGN_STYLE = Automatic;
				CURRENT_PROJECT_VERSION = 1;
				DEVELOPMENT_TEAM = 8JYJ7375XZ;
				GENERATE_INFOPLIST_FILE = YES;
				MARKETING_VERSION = 1.0;
				PRODUCT_BUNDLE_IDENTIFIER = "PittCC.Two-ButtonsUITests";
				PRODUCT_NAME = "$(TARGET_NAME)";
				SWIFT_EMIT_LOC_STRINGS = NO;
				SWIFT_VERSION = 5.0;
				TARGETED_DEVICE_FAMILY = "1,2";
				TEST_TARGET_NAME = "Two Buttons";
			};
			name = Release;
		};
/* End XCBuildConfiguration section */

/* Begin XCConfigurationList section */
		24E8777229410C7000E68477 /* Build configuration list for PBXProject "Two Buttons" */ = {
			isa = XCConfigurationList;
			buildConfigurations = (
				24E8779F29410C7100E68477 /* Debug */,
				24E877A029410C7100E68477 /* Release */,
			);
			defaultConfigurationIsVisible = 0;
			defaultConfigurationName = Release;
		};
		24E877A129410C7100E68477 /* Build configuration list for PBXNativeTarget "Two Buttons" */ = {
			isa = XCConfigurationList;
			buildConfigurations = (
				24E877A229410C7100E68477 /* Debug */,
				24E877A329410C7100E68477 /* Release */,
			);
			defaultConfigurationIsVisible = 0;
			defaultConfigurationName = Release;
		};
		24E877A429410C7100E68477 /* Build configuration list for PBXNativeTarget "Two ButtonsTests" */ = {
			isa = XCConfigurationList;
			buildConfigurations = (
				24E877A529410C7100E68477 /* Debug */,
				24E877A629410C7100E68477 /* Release */,
			);
			defaultConfigurationIsVisible = 0;
			defaultConfigurationName = Release;
		};
		24E877A729410C7100E68477 /* Build configuration list for PBXNativeTarget "Two ButtonsUITests" */ = {
			isa = XCConfigurationList;
			buildConfigurations = (
				24E877A829410C7100E68477 /* Debug */,
				24E877A929410C7100E68477 /* Release */,
			);
			defaultConfigurationIsVisible = 0;
			defaultConfigurationName = Release;
		};
/* End XCConfigurationList section */
	};
	rootObject = 24E8776F29410C7000E68477 /* Project object */;
}
